
Microsoft Visual Studio Solution File, Format Version 12.00
# Visual Studio Version 16
VisualStudioVersion = 16.0.33027.164
MinimumVisualStudioVersion = 10.0.40219.1
Project("{9A19103F-16F7-4668-BE54-9A1E7A4F7556}") = "WebAPI", "WebAPI\WebAPI.csproj", "{857881FA-73E0-4BA0-ADDE-1C923FE5590E}"
EndProject
Project("{9A19103F-16F7-4668-BE54-9A1E7A4F7556}") = "DAL", "DAL\DAL.csproj", "{E3F2C107-BAE3-4FD2-BE80-846948C759A9}"
EndProject
Project("{9A19103F-16F7-4668-BE54-9A1E7A4F7556}") = "Core", "Core\Core.csproj", "{2CB10EDC-B686-4D2B-8D9D-9F39F8E5221B}"
EndProject
Project("{9A19103F-16F7-4668-BE54-9A1E7A4F7556}") = "BLL", "BLL\BLL.csproj", "{29687E93-CDB8-4D27-B43E-669F4A987879}"
EndProject
Project("{FAE04EC0-301F-11D3-BF4B-00C04F79EFBC}") = "LoggerService", "LoggerService\LoggerService.csproj", "{C09FEDCB-1CDB-4ED4-B53F-BDCE3F42121B}"
EndProject
Global
	GlobalSection(SolutionConfigurationPlatforms) = preSolution
		Debug|Any CPU = Debug|Any CPU
		Release|Any CPU = Release|Any CPU
	EndGlobalSection
	GlobalSection(ProjectConfigurationPlatforms) = postSolution
		{857881FA-73E0-4BA0-ADDE-1C923FE5590E}.Debug|Any CPU.ActiveCfg = Debug|Any CPU
		{857881FA-73E0-4BA0-ADDE-1C923FE5590E}.Debug|Any CPU.Build.0 = Debug|Any CPU
		{857881FA-73E0-4BA0-ADDE-1C923FE5590E}.Release|Any CPU.ActiveCfg = Release|Any CPU
		{857881FA-73E0-4BA0-ADDE-1C923FE5590E}.Release|Any CPU.Build.0 = Release|Any CPU
		{E3F2C107-BAE3-4FD2-BE80-846948C759A9}.Debug|Any CPU.ActiveCfg = Debug|Any CPU
		{E3F2C107-BAE3-4FD2-BE80-846948C759A9}.Debug|Any CPU.Build.0 = Debug|Any CPU
		{E3F2C107-BAE3-4FD2-BE80-846948C759A9}.Release|Any CPU.ActiveCfg = Release|Any CPU
		{E3F2C107-BAE3-4FD2-BE80-846948C759A9}.Release|Any CPU.Build.0 = Release|Any CPU
		{2CB10EDC-B686-4D2B-8D9D-9F39F8E5221B}.Debug|Any CPU.ActiveCfg = Debug|Any CPU
		{2CB10EDC-B686-4D2B-8D9D-9F39F8E5221B}.Debug|Any CPU.Build.0 = Debug|Any CPU
		{2CB10EDC-B686-4D2B-8D9D-9F39F8E5221B}.Release|Any CPU.ActiveCfg = Release|Any CPU
		{2CB10EDC-B686-4D2B-8D9D-9F39F8E5221B}.Release|Any CPU.Build.0 = Release|Any CPU
		{29687E93-CDB8-4D27-B43E-669F4A987879}.Debug|Any CPU.ActiveCfg = Debug|Any CPU
		{29687E93-CDB8-4D27-B43E-669F4A987879}.Debug|Any CPU.Build.0 = Debug|Any CPU
		{29687E93-CDB8-4D27-B43E-669F4A987879}.Release|Any CPU.ActiveCfg = Release|Any CPU
		{29687E93-CDB8-4D27-B43E-669F4A987879}.Release|Any CPU.Build.0 = Release|Any CPU
		{C09FEDCB-1CDB-4ED4-B53F-BDCE3F42121B}.Debug|Any CPU.ActiveCfg = Debug|Any CPU
		{C09FEDCB-1CDB-4ED4-B53F-BDCE3F42121B}.Debug|Any CPU.Build.0 = Debug|Any CPU
		{C09FEDCB-1CDB-4ED4-B53F-BDCE3F42121B}.Release|Any CPU.ActiveCfg = Release|Any CPU
		{C09FEDCB-1CDB-4ED4-B53F-BDCE3F42121B}.Release|Any CPU.Build.0 = Release|Any CPU
	EndGlobalSection
	GlobalSection(SolutionProperties) = preSolution
		HideSolutionNode = FALSE
	EndGlobalSection
	GlobalSection(ExtensibilityGlobals) = postSolution
		SolutionGuid = {324AF2F6-8A3C-4392-B9F1-C918641EBB0B}
	EndGlobalSection
EndGlobal
